
Microsoft Visual Studio Solution File, Format Version 12.00
# Visual Studio Version 16
VisualStudioVersion = 16.0.30204.135
MinimumVisualStudioVersion = 10.0.40219.1
Project("{FAE04EC0-301F-11D3-BF4B-00C04F79EFBC}") = "MiddlewareWithUI", "MiddlewareWithUI\MiddlewareWithUI.csproj", "{9CB69F58-41E3-458A-94BF-C95FD21A6B85}"
EndProject
Global
	GlobalSection(SolutionConfigurationPlatforms) = preSolution
		Debug|Any CPU = Debug|Any CPU
		Release|Any CPU = Release|Any CPU
	EndGlobalSection
	GlobalSection(ProjectConfigurationPlatforms) = postSolution
		{9CB69F58-41E3-458A-94BF-C95FD21A6B85}.Debug|Any CPU.ActiveCfg = Debug|Any CPU
		{9CB69F58-41E3-458A-94BF-C95FD21A6B85}.Debug|Any CPU.Build.0 = Debug|Any CPU
		{9CB69F58-41E3-458A-94BF-C95FD21A6B85}.Release|Any CPU.ActiveCfg = Release|Any CPU
		{9CB69F58-41E3-458A-94BF-C95FD21A6B85}.Release|Any CPU.Build.0 = Release|Any CPU
	EndGlobalSection
	GlobalSection(SolutionProperties) = preSolution
		HideSolutionNode = FALSE
	EndGlobalSection
	GlobalSection(ExtensibilityGlobals) = postSolution
		SolutionGuid = {160FEA2F-05D2-4018-B48A-2C71D411337E}
	EndGlobalSection
EndGlobal
